<Project ToolsVersion="4.0" xmlns="http://schemas.microsoft.com/developer/msbuild/2003">
  <ItemGroup>
    <Filter Include="Mod">
      <UniqueIdentifier>{2F25DBB8-8650-4DD6-96D1-7C0A40A42FA6}</UniqueIdentifier>
    </Filter>
  </ItemGroup>

  <ItemGroup>
    <ClCompile Include="main.c">
      <Filter>Mod</Filter>
    </ClCompile>
  </ItemGroup>

  <ItemGroup>
    <ClInclude Include="$(OverdubIncludeDirectory)\mod.h">
      <Filter>Mod</Filter>
    </ClInclude>
  </ItemGroup>
</Project>
